
Microsoft Visual Studio Solution File, Format Version 12.00
# Visual Studio Version 16
VisualStudioVersion = 16.0.30907.101
MinimumVisualStudioVersion = 10.0.40219.1
Project("{FAE04EC0-301F-11D3-BF4B-00C04F79EFBC}") = "GSN", "GSN\GSN.csproj", "{49C5F438-568F-4C2F-A56D-293D6F292CB4}"
EndProject
Global
	GlobalSection(SolutionConfigurationPlatforms) = preSolution
		Debug|Any CPU = Debug|Any CPU
		Release|Any CPU = Release|Any CPU
	EndGlobalSection
	GlobalSection(ProjectConfigurationPlatforms) = postSolution
		{49C5F438-568F-4C2F-A56D-293D6F292CB4}.Debug|Any CPU.ActiveCfg = Debug|Any CPU
		{49C5F438-568F-4C2F-A56D-293D6F292CB4}.Debug|Any CPU.Build.0 = Debug|Any CPU
		{49C5F438-568F-4C2F-A56D-293D6F292CB4}.Release|Any CPU.ActiveCfg = Release|Any CPU
		{49C5F438-568F-4C2F-A56D-293D6F292CB4}.Release|Any CPU.Build.0 = Release|Any CPU
	EndGlobalSection
	GlobalSection(SolutionProperties) = preSolution
		HideSolutionNode = FALSE
	EndGlobalSection
	GlobalSection(ExtensibilityGlobals) = postSolution
		SolutionGuid = {3C0B7816-3C65-44C3-BA22-F52A403FC7F7}
	EndGlobalSection
EndGlobal
